
Microsoft Visual Studio Solution File, Format Version 12.00
# Visual Studio Version 16
VisualStudioVersion = 16.0.30011.22
MinimumVisualStudioVersion = 10.0.40219.1
Project("{8BC9CEB8-8B4A-11D0-8D11-00A0C91BC942}") = "MVDesign", "MVDesign\MVDesign.vcxproj", "{319B901C-3F6C-479F-AE4C-BEAFC867701B}"
EndProject
Global
	GlobalSection(SolutionConfigurationPlatforms) = preSolution
		Debug|x64 = Debug|x64
		Debug|x86 = Debug|x86
		Release|x64 = Release|x64
		Release|x86 = Release|x86
	EndGlobalSection
	GlobalSection(ProjectConfigurationPlatforms) = postSolution
		{319B901C-3F6C-479F-AE4C-BEAFC867701B}.Debug|x64.ActiveCfg = Debug|x64
		{319B901C-3F6C-479F-AE4C-BEAFC867701B}.Debug|x64.Build.0 = Debug|x64
		{319B901C-3F6C-479F-AE4C-BEAFC867701B}.Debug|x86.ActiveCfg = Debug|Win32
		{319B901C-3F6C-479F-AE4C-BEAFC867701B}.Debug|x86.Build.0 = Debug|Win32
		{319B901C-3F6C-479F-AE4C-BEAFC867701B}.Release|x64.ActiveCfg = Release|x64
		{319B901C-3F6C-479F-AE4C-BEAFC867701B}.Release|x64.Build.0 = Release|x64
		{319B901C-3F6C-479F-AE4C-BEAFC867701B}.Release|x86.ActiveCfg = Release|Win32
		{319B901C-3F6C-479F-AE4C-BEAFC867701B}.Release|x86.Build.0 = Release|Win32
	EndGlobalSection
	GlobalSection(SolutionProperties) = preSolution
		HideSolutionNode = FALSE
	EndGlobalSection
	GlobalSection(ExtensibilityGlobals) = postSolution
		SolutionGuid = {23B3D598-8B7E-4909-A3A4-9F9776F4EE8F}
	EndGlobalSection
EndGlobal
